
Microsoft Visual Studio Solution File, Format Version 12.00
# Visual Studio Version 17
VisualStudioVersion = 17.13.35828.75 d17.13
MinimumVisualStudioVersion = 10.0.40219.1
Project("{FAE04EC0-301F-11D3-BF4B-00C04F79EFBC}") = "nyp_odev2", "nyp_odev2\nyp_odev2.csproj", "{D79F4D32-E079-4BEE-BD83-DA2F70DF7C69}"
EndProject
Project("{2150E333-8FDC-42A3-9474-1A3956D46DE8}") = "Çözüm Öğeleri", "Çözüm Öğeleri", "{AC80F682-3D55-C8F8-4895-A4A9EDD49434}"
EndProject
Global
	GlobalSection(SolutionConfigurationPlatforms) = preSolution
		Debug|Any CPU = Debug|Any CPU
		Release|Any CPU = Release|Any CPU
	EndGlobalSection
	GlobalSection(ProjectConfigurationPlatforms) = postSolution
		{D79F4D32-E079-4BEE-BD83-DA2F70DF7C69}.Debug|Any CPU.ActiveCfg = Debug|Any CPU
		{D79F4D32-E079-4BEE-BD83-DA2F70DF7C69}.Debug|Any CPU.Build.0 = Debug|Any CPU
		{D79F4D32-E079-4BEE-BD83-DA2F70DF7C69}.Release|Any CPU.ActiveCfg = Release|Any CPU
		{D79F4D32-E079-4BEE-BD83-DA2F70DF7C69}.Release|Any CPU.Build.0 = Release|Any CPU
	EndGlobalSection
	GlobalSection(SolutionProperties) = preSolution
		HideSolutionNode = FALSE
	EndGlobalSection
	GlobalSection(ExtensibilityGlobals) = postSolution
		SolutionGuid = {1FB77EA3-78A2-4541-A144-8544A9A34EA9}
	EndGlobalSection
EndGlobal
